// !$*UTF8*$!
{
	archiveVersion = 1;
	classes = {
	};
	objectVersion = 70;
	objects = {

/* Begin PBXBuildFile section */
		1F03D3362CC7158A001FDE79 /* PlaybackControlsView.swift in Sources */ = {isa = PBXBuildFile; fileRef = 1F449D122CB7067C0067EDC1 /* PlaybackControlsView.swift */; };
		1F0ECBCE2CF70BCC002EC3C7 /* FilterSortView.swift in Sources */ = {isa = PBXBuildFile; fileRef = 1F0ECBCD2CF70BC6002EC3C7 /* FilterSortView.swift */; };
		1F0ECBD12CF70C1B002EC3C7 /* RangeSlider.swift in Sources */ = {isa = PBXBuildFile; fileRef = 1F0ECBD02CF70C16002EC3C7 /* RangeSlider.swift */; };
		1F0ECBD32CF70C27002EC3C7 /* SortingAndFilteringOptions.swift in Sources */ = {isa = PBXBuildFile; fileRef = 1F0ECBD22CF70C1E002EC3C7 /* SortingAndFilteringOptions.swift */; };
		1F0ECC1C2CF8488D002EC3C7 /* RangeSliderView.swift in Sources */ = {isa = PBXBuildFile; fileRef = 1F0ECC1B2CF84888002EC3C7 /* RangeSliderView.swift */; };
		1F0ECC762CF91757002EC3C7 /* CustomSliderView.swift in Sources */ = {isa = PBXBuildFile; fileRef = 1F0ECC752CF91753002EC3C7 /* CustomSliderView.swift */; };
		1F0ECC7C2CF9556A002EC3C7 /* AudioPlayerManager.swift in Sources */ = {isa = PBXBuildFile; fileRef = 1F0ECC7B2CF95560002EC3C7 /* AudioPlayerManager.swift */; };
		1F0ECC7E2CF967B3002EC3C7 /* PlaylistManager.swift in Sources */ = {isa = PBXBuildFile; fileRef = 1F0ECC7D2CF967A1002EC3C7 /* PlaylistManager.swift */; };
		1F0ECC802CF967C5002EC3C7 /* PlaylistView.swift in Sources */ = {isa = PBXBuildFile; fileRef = 1F0ECC7F2CF967C1002EC3C7 /* PlaylistView.swift */; };
		1F1B345F2CA4885900D2CE92 /* Database.swift in Sources */ = {isa = PBXBuildFile; fileRef = 1F1B345E2CA4885900D2CE92 /* Database.swift */; };
		1F1B34612CA48A3000D2CE92 /* GeneratedView.swift in Sources */ = {isa = PBXBuildFile; fileRef = 1F1B34602CA48A3000D2CE92 /* GeneratedView.swift */; };
		1F1B34632CA48CF400D2CE92 /* DocumentsView.swift in Sources */ = {isa = PBXBuildFile; fileRef = 1F1B34622CA48CF400D2CE92 /* DocumentsView.swift */; };
		1F1B34692CA4AD1F00D2CE92 /* AudioRecord.swift in Sources */ = {isa = PBXBuildFile; fileRef = 1F1B34682CA4AD1F00D2CE92 /* AudioRecord.swift */; };
		1FAD62F42CDAB554005C2B88 /* AudioMetadataView.swift in Sources */ = {isa = PBXBuildFile; fileRef = 1FAD62F32CDAB54A005C2B88 /* AudioMetadataView.swift */; };
		1FAD62FC2CE31099005C2B88 /* TextFileViewer.swift in Sources */ = {isa = PBXBuildFile; fileRef = 1FAD62FB2CE31091005C2B88 /* TextFileViewer.swift */; };
		1FAD63422CE58506005C2B88 /* ActivityView.swift in Sources */ = {isa = PBXBuildFile; fileRef = 1FAD63412CE58501005C2B88 /* ActivityView.swift */; };
		1FB0693B2C9B682500A05BBE /* espeak-ng-data in Resources */ = {isa = PBXBuildFile; fileRef = 1FB069352C9B682500A05BBE /* espeak-ng-data */; };
		48187EC02CBB1F0F00517765 /* ThemeSettings.swift in Sources */ = {isa = PBXBuildFile; fileRef = 48187EBF2CBB1F0A00517765 /* ThemeSettings.swift */; };
		48187EC22CC0580100517765 /* TextParser.swift in Sources */ = {isa = PBXBuildFile; fileRef = 48187EC12CC057F800517765 /* TextParser.swift */; };
		481F90142CB0AABE006E6631 /* SpeechSettingsView.swift in Sources */ = {isa = PBXBuildFile; fileRef = 481F90132CB0AAAA006E6631 /* SpeechSettingsView.swift */; };
		481F90162CB0AB54006E6631 /* ThemeDisplayView.swift in Sources */ = {isa = PBXBuildFile; fileRef = 481F90152CB0AB42006E6631 /* ThemeDisplayView.swift */; };
		481F90182CB0AC9B006E6631 /* SecurityView.swift in Sources */ = {isa = PBXBuildFile; fileRef = 481F90172CB0AC90006E6631 /* SecurityView.swift */; };
		481F901A2CB0ACF8006E6631 /* AdvancedView.swift in Sources */ = {isa = PBXBuildFile; fileRef = 481F90192CB0ACED006E6631 /* AdvancedView.swift */; };
		481F901C2CB0AD45006E6631 /* SupportView.swift in Sources */ = {isa = PBXBuildFile; fileRef = 481F901B2CB0AD42006E6631 /* SupportView.swift */; };
		4825205B2CDAC6D30007A0C7 /* PasswordManager.swift in Sources */ = {isa = PBXBuildFile; fileRef = 4825205A2CDAC6CC0007A0C7 /* PasswordManager.swift */; };
		4825205E2CDAC8F90007A0C7 /* PasswordSetupView.swift in Sources */ = {isa = PBXBuildFile; fileRef = 4825205D2CDAC8F10007A0C7 /* PasswordSetupView.swift */; };
		482520602CDAC9C70007A0C7 /* PasswordUnlockView.swift in Sources */ = {isa = PBXBuildFile; fileRef = 4825205F2CDAC9BF0007A0C7 /* PasswordUnlockView.swift */; };
		482520622CDACBC60007A0C7 /* PasswordConfirmationView.swift in Sources */ = {isa = PBXBuildFile; fileRef = 482520612CDACBC00007A0C7 /* PasswordConfirmationView.swift */; };
		482520642CDC08070007A0C7 /* PasscodeField.swift in Sources */ = {isa = PBXBuildFile; fileRef = 482520632CDC08000007A0C7 /* PasscodeField.swift */; };
		482526932CF7C3000007A0C7 /* ModelManager.swift in Sources */ = {isa = PBXBuildFile; fileRef = 482526922CF7C2F90007A0C7 /* ModelManager.swift */; };
		482526972CF7F4FA0007A0C7 /* ModelPicker.swift in Sources */ = {isa = PBXBuildFile; fileRef = 482526962CF7F4F70007A0C7 /* ModelPicker.swift */; };
		483B58F72CD00EE1006B3829 /* ProfileManager.swift in Sources */ = {isa = PBXBuildFile; fileRef = 483B58F62CD00EDA006B3829 /* ProfileManager.swift */; };
		483B58FD2CD04FAE006B3829 /* VoiceProfileSelectionView.swift in Sources */ = {isa = PBXBuildFile; fileRef = 483B58FC2CD04FA5006B3829 /* VoiceProfileSelectionView.swift */; };
		4866D26C2CC868C7003F62B1 /* FileDirectory.swift in Sources */ = {isa = PBXBuildFile; fileRef = 4866D26B2CC868C7003F62B1 /* FileDirectory.swift */; };
		4866D27C2CC990FC003F62B1 /* en_US-amy-medium.onnx 2.json in Resources */ = {isa = PBXBuildFile; fileRef = 4866D2792CC990FC003F62B1 /* en_US-amy-medium.onnx 2.json */; };
		4866D27D2CC990FC003F62B1 /* vits-piper-en_US.sh in Resources */ = {isa = PBXBuildFile; fileRef = 4866D27B2CC990FC003F62B1 /* vits-piper-en_US.sh */; };
		4866D27E2CC990FC003F62B1 /* tokens.txt in Resources */ = {isa = PBXBuildFile; fileRef = 4866D27A2CC990FC003F62B1 /* tokens.txt */; };
		4866D27F2CC990FC003F62B1 /* en_US-amy-medium.onnx in Resources */ = {isa = PBXBuildFile; fileRef = 4866D2782CC990FC003F62B1 /* en_US-amy-medium.onnx */; };
		4866D2852CC991FD003F62B1 /* en_US-kristin-medium.onnx in Resources */ = {isa = PBXBuildFile; fileRef = 4866D2832CC991FD003F62B1 /* en_US-kristin-medium.onnx */; };
		4866D2862CC991FD003F62B1 /* en_US-kristin-medium.onnx.json in Resources */ = {isa = PBXBuildFile; fileRef = 4866D2842CC991FD003F62B1 /* en_US-kristin-medium.onnx.json */; };
		4866D2892CC9967A003F62B1 /* ModelselectionView.swift in Sources */ = {isa = PBXBuildFile; fileRef = 4866D2882CC9966F003F62B1 /* ModelselectionView.swift */; };
		4866D2932CC9991E003F62B1 /* en_US-arctic-medium.onnx in Resources */ = {isa = PBXBuildFile; fileRef = 4866D2902CC9991E003F62B1 /* en_US-arctic-medium.onnx */; };
		48DA9C7F2CF9460E0082EA8D /* ModelItem.swift in Sources */ = {isa = PBXBuildFile; fileRef = 48DA9C7E2CF946050082EA8D /* ModelItem.swift */; };
		48DA9C812CF9478F0082EA8D /* ModelRow.swift in Sources */ = {isa = PBXBuildFile; fileRef = 48DA9C802CF9478C0082EA8D /* ModelRow.swift */; };
		48F55A172CA4789C00F10C3B /* BackEnd.swift in Sources */ = {isa = PBXBuildFile; fileRef = 48F55A162CA4789300F10C3B /* BackEnd.swift */; };
		48F55A192CA47B6C00F10C3B /* MainPageView.swift in Sources */ = {isa = PBXBuildFile; fileRef = 48F55A182CA47B6400F10C3B /* MainPageView.swift */; };
		48F55A1B2CA47C6000F10C3B /* SettingsView.swift in Sources */ = {isa = PBXBuildFile; fileRef = 48F55A1A2CA47C5500F10C3B /* SettingsView.swift */; };
		97056A162CB5B99200C3B3AA /* DocumentPicker.swift in Sources */ = {isa = PBXBuildFile; fileRef = 97056A152CB5B98C00C3B3AA /* DocumentPicker.swift */; };
		97056A182CB5B9B300C3B3AA /* PDFViewer.swift in Sources */ = {isa = PBXBuildFile; fileRef = 97056A172CB5B9AA00C3B3AA /* PDFViewer.swift */; };
		97056A1A2CB5BAFD00C3B3AA /* URLExtension.swift in Sources */ = {isa = PBXBuildFile; fileRef = 97056A192CB5BAF200C3B3AA /* URLExtension.swift */; };
		97868AA52CE0215400BDA661 /* PDFPageSelection.swift in Sources */ = {isa = PBXBuildFile; fileRef = 97868AA42CE0214B00BDA661 /* PDFPageSelection.swift */; };
		978752CC2CC890F700B31761 /* AudioStitching.swift in Sources */ = {isa = PBXBuildFile; fileRef = 978752CB2CC890F400B31761 /* AudioStitching.swift */; };
		978753282CE01F7700B31761 /* PDFPageSelector.swift in Sources */ = {isa = PBXBuildFile; fileRef = 978753272CE01F5C00B31761 /* PDFPageSelector.swift */; };
		978D07D22CA4CA6300EDB8A2 /* HistoryView.swift in Sources */ = {isa = PBXBuildFile; fileRef = 978D07D12CA4CA5D00EDB8A2 /* HistoryView.swift */; };
		B35636A02CF9932F008279C6 /* AudioBookmarkManagerClass.swift in Sources */ = {isa = PBXBuildFile; fileRef = B356369F2CF99316008279C6 /* AudioBookmarkManagerClass.swift */; };
		C917B4E52B0EEF3B005245AC /* SherpaOnnxTtsApp.swift in Sources */ = {isa = PBXBuildFile; fileRef = C917B4E42B0EEF3B005245AC /* SherpaOnnxTtsApp.swift */; };
		C917B4E72B0EEF3B005245AC /* ContentView.swift in Sources */ = {isa = PBXBuildFile; fileRef = C917B4E62B0EEF3B005245AC /* ContentView.swift */; };
		C917B4E92B0EEF3C005245AC /* Assets.xcassets in Resources */ = {isa = PBXBuildFile; fileRef = C917B4E82B0EEF3C005245AC /* Assets.xcassets */; };
		C917B4EC2B0EEF3C005245AC /* Preview Assets.xcassets in Resources */ = {isa = PBXBuildFile; fileRef = C917B4EB2B0EEF3C005245AC /* Preview Assets.xcassets */; };
		C9FE9FE52B0F33CD009F1003 /* ViewModel.swift in Sources */ = {isa = PBXBuildFile; fileRef = C9FE9FE42B0F33CD009F1003 /* ViewModel.swift */; };
		C9FE9FE72B0F3620009F1003 /* SherpaOnnx.swift in Sources */ = {isa = PBXBuildFile; fileRef = C9FE9FE62B0F3620009F1003 /* SherpaOnnx.swift */; };
		C9FE9FEA2B0F3754009F1003 /* sherpa-onnx.xcframework in Frameworks */ = {isa = PBXBuildFile; fileRef = C9FE9FE92B0F3754009F1003 /* sherpa-onnx.xcframework */; };
		C9FE9FEF2B0F3EFB009F1003 /* onnxruntime.xcframework in Frameworks */ = {isa = PBXBuildFile; fileRef = C9FE9FEB2B0F3785009F1003 /* onnxruntime.xcframework */; };
/* End PBXBuildFile section */

/* Begin PBXFileReference section */
		1F0ECBCD2CF70BC6002EC3C7 /* FilterSortView.swift */ = {isa = PBXFileReference; lastKnownFileType = sourcecode.swift; path = FilterSortView.swift; sourceTree = "<group>"; };
		1F0ECBD02CF70C16002EC3C7 /* RangeSlider.swift */ = {isa = PBXFileReference; lastKnownFileType = sourcecode.swift; path = RangeSlider.swift; sourceTree = "<group>"; };
		1F0ECBD22CF70C1E002EC3C7 /* SortingAndFilteringOptions.swift */ = {isa = PBXFileReference; lastKnownFileType = sourcecode.swift; path = SortingAndFilteringOptions.swift; sourceTree = "<group>"; };
		1F0ECC1B2CF84888002EC3C7 /* RangeSliderView.swift */ = {isa = PBXFileReference; lastKnownFileType = sourcecode.swift; path = RangeSliderView.swift; sourceTree = "<group>"; };
		1F0ECC752CF91753002EC3C7 /* CustomSliderView.swift */ = {isa = PBXFileReference; lastKnownFileType = sourcecode.swift; path = CustomSliderView.swift; sourceTree = "<group>"; };
		1F0ECC7B2CF95560002EC3C7 /* AudioPlayerManager.swift */ = {isa = PBXFileReference; lastKnownFileType = sourcecode.swift; path = AudioPlayerManager.swift; sourceTree = "<group>"; };
		1F0ECC7D2CF967A1002EC3C7 /* PlaylistManager.swift */ = {isa = PBXFileReference; lastKnownFileType = sourcecode.swift; path = PlaylistManager.swift; sourceTree = "<group>"; };
		1F0ECC7F2CF967C1002EC3C7 /* PlaylistView.swift */ = {isa = PBXFileReference; lastKnownFileType = sourcecode.swift; path = PlaylistView.swift; sourceTree = "<group>"; };
		1F1B345E2CA4885900D2CE92 /* Database.swift */ = {isa = PBXFileReference; lastKnownFileType = sourcecode.swift; path = Database.swift; sourceTree = "<group>"; };
		1F1B34602CA48A3000D2CE92 /* GeneratedView.swift */ = {isa = PBXFileReference; lastKnownFileType = sourcecode.swift; path = GeneratedView.swift; sourceTree = "<group>"; };
		1F1B34622CA48CF400D2CE92 /* DocumentsView.swift */ = {isa = PBXFileReference; lastKnownFileType = sourcecode.swift; path = DocumentsView.swift; sourceTree = "<group>"; };
		1F1B34682CA4AD1F00D2CE92 /* AudioRecord.swift */ = {isa = PBXFileReference; lastKnownFileType = sourcecode.swift; path = AudioRecord.swift; sourceTree = "<group>"; };
		1F449D122CB7067C0067EDC1 /* PlaybackControlsView.swift */ = {isa = PBXFileReference; lastKnownFileType = sourcecode.swift; path = PlaybackControlsView.swift; sourceTree = "<group>"; };
		1FAD62F32CDAB54A005C2B88 /* AudioMetadataView.swift */ = {isa = PBXFileReference; lastKnownFileType = sourcecode.swift; path = AudioMetadataView.swift; sourceTree = "<group>"; };
		1FAD62FB2CE31091005C2B88 /* TextFileViewer.swift */ = {isa = PBXFileReference; lastKnownFileType = sourcecode.swift; path = TextFileViewer.swift; sourceTree = "<group>"; };
		1FAD63412CE58501005C2B88 /* ActivityView.swift */ = {isa = PBXFileReference; lastKnownFileType = sourcecode.swift; path = ActivityView.swift; sourceTree = "<group>"; };
		1FB069352C9B682500A05BBE /* espeak-ng-data */ = {isa = PBXFileReference; lastKnownFileType = folder; path = "espeak-ng-data"; sourceTree = "<group>"; };
		48187EBF2CBB1F0A00517765 /* ThemeSettings.swift */ = {isa = PBXFileReference; lastKnownFileType = sourcecode.swift; path = ThemeSettings.swift; sourceTree = "<group>"; };
		48187EC12CC057F800517765 /* TextParser.swift */ = {isa = PBXFileReference; lastKnownFileType = sourcecode.swift; path = TextParser.swift; sourceTree = "<group>"; };
		48187F0C2CC3393000517765 /* TextParserTest.xctest */ = {isa = PBXFileReference; explicitFileType = wrapper.cfbundle; includeInIndex = 0; path = TextParserTest.xctest; sourceTree = BUILT_PRODUCTS_DIR; };
		481F90132CB0AAAA006E6631 /* SpeechSettingsView.swift */ = {isa = PBXFileReference; lastKnownFileType = sourcecode.swift; path = SpeechSettingsView.swift; sourceTree = "<group>"; };
		481F90152CB0AB42006E6631 /* ThemeDisplayView.swift */ = {isa = PBXFileReference; lastKnownFileType = sourcecode.swift; path = ThemeDisplayView.swift; sourceTree = "<group>"; };
		481F90172CB0AC90006E6631 /* SecurityView.swift */ = {isa = PBXFileReference; lastKnownFileType = sourcecode.swift; path = SecurityView.swift; sourceTree = "<group>"; };
		481F90192CB0ACED006E6631 /* AdvancedView.swift */ = {isa = PBXFileReference; lastKnownFileType = sourcecode.swift; path = AdvancedView.swift; sourceTree = "<group>"; };
		481F901B2CB0AD42006E6631 /* SupportView.swift */ = {isa = PBXFileReference; lastKnownFileType = sourcecode.swift; path = SupportView.swift; sourceTree = "<group>"; };
		4825205A2CDAC6CC0007A0C7 /* PasswordManager.swift */ = {isa = PBXFileReference; lastKnownFileType = sourcecode.swift; path = PasswordManager.swift; sourceTree = "<group>"; };
		4825205D2CDAC8F10007A0C7 /* PasswordSetupView.swift */ = {isa = PBXFileReference; lastKnownFileType = sourcecode.swift; path = PasswordSetupView.swift; sourceTree = "<group>"; };
		4825205F2CDAC9BF0007A0C7 /* PasswordUnlockView.swift */ = {isa = PBXFileReference; lastKnownFileType = sourcecode.swift; path = PasswordUnlockView.swift; sourceTree = "<group>"; };
		482520612CDACBC00007A0C7 /* PasswordConfirmationView.swift */ = {isa = PBXFileReference; lastKnownFileType = sourcecode.swift; path = PasswordConfirmationView.swift; sourceTree = "<group>"; };
		482520632CDC08000007A0C7 /* PasscodeField.swift */ = {isa = PBXFileReference; lastKnownFileType = sourcecode.swift; path = PasscodeField.swift; sourceTree = "<group>"; };
		482526922CF7C2F90007A0C7 /* ModelManager.swift */ = {isa = PBXFileReference; lastKnownFileType = sourcecode.swift; path = ModelManager.swift; sourceTree = "<group>"; };
		482526962CF7F4F70007A0C7 /* ModelPicker.swift */ = {isa = PBXFileReference; lastKnownFileType = sourcecode.swift; path = ModelPicker.swift; sourceTree = "<group>"; };
		483B58F62CD00EDA006B3829 /* ProfileManager.swift */ = {isa = PBXFileReference; lastKnownFileType = sourcecode.swift; path = ProfileManager.swift; sourceTree = "<group>"; };
		483B58FC2CD04FA5006B3829 /* VoiceProfileSelectionView.swift */ = {isa = PBXFileReference; lastKnownFileType = sourcecode.swift; path = VoiceProfileSelectionView.swift; sourceTree = "<group>"; };
		4866D26B2CC868C7003F62B1 /* FileDirectory.swift */ = {isa = PBXFileReference; lastKnownFileType = sourcecode.swift; path = FileDirectory.swift; sourceTree = "<group>"; };
		4866D2782CC990FC003F62B1 /* en_US-amy-medium.onnx */ = {isa = PBXFileReference; lastKnownFileType = file; path = "en_US-amy-medium.onnx"; sourceTree = "<group>"; };
		4866D2792CC990FC003F62B1 /* en_US-amy-medium.onnx 2.json */ = {isa = PBXFileReference; lastKnownFileType = text.json; path = "en_US-amy-medium.onnx 2.json"; sourceTree = "<group>"; };
		4866D27A2CC990FC003F62B1 /* tokens.txt */ = {isa = PBXFileReference; lastKnownFileType = text; path = tokens.txt; sourceTree = "<group>"; };
		4866D27B2CC990FC003F62B1 /* vits-piper-en_US.sh */ = {isa = PBXFileReference; lastKnownFileType = text.script.sh; path = "vits-piper-en_US.sh"; sourceTree = "<group>"; };
		4866D2832CC991FD003F62B1 /* en_US-kristin-medium.onnx */ = {isa = PBXFileReference; lastKnownFileType = file; path = "en_US-kristin-medium.onnx"; sourceTree = "<group>"; };
		4866D2842CC991FD003F62B1 /* en_US-kristin-medium.onnx.json */ = {isa = PBXFileReference; lastKnownFileType = text.json; path = "en_US-kristin-medium.onnx.json"; sourceTree = "<group>"; };
		4866D2882CC9966F003F62B1 /* ModelselectionView.swift */ = {isa = PBXFileReference; lastKnownFileType = sourcecode.swift; path = ModelselectionView.swift; sourceTree = "<group>"; };
		4866D2902CC9991E003F62B1 /* en_US-arctic-medium.onnx */ = {isa = PBXFileReference; lastKnownFileType = file; path = "en_US-arctic-medium.onnx"; sourceTree = "<group>"; };
		48DA9C7E2CF946050082EA8D /* ModelItem.swift */ = {isa = PBXFileReference; lastKnownFileType = sourcecode.swift; path = ModelItem.swift; sourceTree = "<group>"; };
		48DA9C802CF9478C0082EA8D /* ModelRow.swift */ = {isa = PBXFileReference; lastKnownFileType = sourcecode.swift; path = ModelRow.swift; sourceTree = "<group>"; };
		48F55A162CA4789300F10C3B /* BackEnd.swift */ = {isa = PBXFileReference; lastKnownFileType = sourcecode.swift; path = BackEnd.swift; sourceTree = "<group>"; };
		48F55A182CA47B6400F10C3B /* MainPageView.swift */ = {isa = PBXFileReference; lastKnownFileType = sourcecode.swift; path = MainPageView.swift; sourceTree = "<group>"; };
		48F55A1A2CA47C5500F10C3B /* SettingsView.swift */ = {isa = PBXFileReference; lastKnownFileType = sourcecode.swift; path = SettingsView.swift; sourceTree = "<group>"; };
		97056A152CB5B98C00C3B3AA /* DocumentPicker.swift */ = {isa = PBXFileReference; lastKnownFileType = sourcecode.swift; path = DocumentPicker.swift; sourceTree = "<group>"; };
		97056A172CB5B9AA00C3B3AA /* PDFViewer.swift */ = {isa = PBXFileReference; lastKnownFileType = sourcecode.swift; path = PDFViewer.swift; sourceTree = "<group>"; };
		97056A192CB5BAF200C3B3AA /* URLExtension.swift */ = {isa = PBXFileReference; lastKnownFileType = sourcecode.swift; path = URLExtension.swift; sourceTree = "<group>"; };
		97868AA42CE0214B00BDA661 /* PDFPageSelection.swift */ = {isa = PBXFileReference; lastKnownFileType = sourcecode.swift; path = PDFPageSelection.swift; sourceTree = "<group>"; };
		978752CB2CC890F400B31761 /* AudioStitching.swift */ = {isa = PBXFileReference; lastKnownFileType = sourcecode.swift; path = AudioStitching.swift; sourceTree = "<group>"; };
		978753272CE01F5C00B31761 /* PDFPageSelector.swift */ = {isa = PBXFileReference; lastKnownFileType = sourcecode.swift; path = PDFPageSelector.swift; sourceTree = "<group>"; };
		978D07D12CA4CA5D00EDB8A2 /* HistoryView.swift */ = {isa = PBXFileReference; lastKnownFileType = sourcecode.swift; path = HistoryView.swift; sourceTree = "<group>"; };
		B356369F2CF99316008279C6 /* AudioBookmarkManagerClass.swift */ = {isa = PBXFileReference; lastKnownFileType = sourcecode.swift; path = AudioBookmarkManagerClass.swift; sourceTree = "<group>"; };
		C917B4E12B0EEF3B005245AC /* SherpaOnnxTts.app */ = {isa = PBXFileReference; explicitFileType = wrapper.application; includeInIndex = 0; path = SherpaOnnxTts.app; sourceTree = BUILT_PRODUCTS_DIR; };
		C917B4E42B0EEF3B005245AC /* SherpaOnnxTtsApp.swift */ = {isa = PBXFileReference; lastKnownFileType = sourcecode.swift; path = SherpaOnnxTtsApp.swift; sourceTree = "<group>"; };
		C917B4E62B0EEF3B005245AC /* ContentView.swift */ = {isa = PBXFileReference; lastKnownFileType = sourcecode.swift; path = ContentView.swift; sourceTree = "<group>"; };
		C917B4E82B0EEF3C005245AC /* Assets.xcassets */ = {isa = PBXFileReference; lastKnownFileType = folder.assetcatalog; path = Assets.xcassets; sourceTree = "<group>"; };
		C917B4EB2B0EEF3C005245AC /* Preview Assets.xcassets */ = {isa = PBXFileReference; lastKnownFileType = folder.assetcatalog; path = "Preview Assets.xcassets"; sourceTree = "<group>"; };
		C9FE9FE42B0F33CD009F1003 /* ViewModel.swift */ = {isa = PBXFileReference; lastKnownFileType = sourcecode.swift; path = ViewModel.swift; sourceTree = "<group>"; };
		C9FE9FE62B0F3620009F1003 /* SherpaOnnx.swift */ = {isa = PBXFileReference; fileEncoding = 4; lastKnownFileType = sourcecode.swift; name = SherpaOnnx.swift; path = "../../../swift-api-examples/SherpaOnnx.swift"; sourceTree = "<group>"; };
		C9FE9FE92B0F3754009F1003 /* sherpa-onnx.xcframework */ = {isa = PBXFileReference; lastKnownFileType = wrapper.xcframework; name = "sherpa-onnx.xcframework"; path = "../../build-ios/sherpa-onnx.xcframework"; sourceTree = "<group>"; };
		C9FE9FEB2B0F3785009F1003 /* onnxruntime.xcframework */ = {isa = PBXFileReference; lastKnownFileType = wrapper.xcframework; name = onnxruntime.xcframework; path = "../../build-ios/ios-onnxruntime/1.17.1/onnxruntime.xcframework"; sourceTree = "<group>"; };
/* End PBXFileReference section */

/* Begin PBXFileSystemSynchronizedRootGroup section */
		48187F0D2CC3393000517765 /* TextParserTest */ = {isa = PBXFileSystemSynchronizedRootGroup; explicitFileTypes = {}; explicitFolders = (); path = TextParserTest; sourceTree = "<group>"; };
/* End PBXFileSystemSynchronizedRootGroup section */

/* Begin PBXFrameworksBuildPhase section */
		48187F092CC3393000517765 /* Frameworks */ = {
			isa = PBXFrameworksBuildPhase;
			buildActionMask = 2147483647;
			files = (
			);
			runOnlyForDeploymentPostprocessing = 0;
		};
		C917B4DE2B0EEF3B005245AC /* Frameworks */ = {
			isa = PBXFrameworksBuildPhase;
			buildActionMask = 2147483647;
			files = (
				C9FE9FEF2B0F3EFB009F1003 /* onnxruntime.xcframework in Frameworks */,
				C9FE9FEA2B0F3754009F1003 /* sherpa-onnx.xcframework in Frameworks */,
			);
			runOnlyForDeploymentPostprocessing = 0;
		};
/* End PBXFrameworksBuildPhase section */

/* Begin PBXGroup section */
		481F90122CB0AA9F006E6631 /* SettingsSubmenu */ = {
			isa = PBXGroup;
			children = (
				4825205C2CDAC8DF0007A0C7 /* SecuritySubmenu */,
				4866D2872CC9937A003F62B1 /* SpeechSettingsSubmenu */,
				481F901B2CB0AD42006E6631 /* SupportView.swift */,
				481F90192CB0ACED006E6631 /* AdvancedView.swift */,
				481F90172CB0AC90006E6631 /* SecurityView.swift */,
				481F90152CB0AB42006E6631 /* ThemeDisplayView.swift */,
				481F90132CB0AAAA006E6631 /* SpeechSettingsView.swift */,
			);
			path = SettingsSubmenu;
			sourceTree = "<group>";
		};
		4825205C2CDAC8DF0007A0C7 /* SecuritySubmenu */ = {
			isa = PBXGroup;
			children = (
				482520632CDC08000007A0C7 /* PasscodeField.swift */,
				482520612CDACBC00007A0C7 /* PasswordConfirmationView.swift */,
				4825205F2CDAC9BF0007A0C7 /* PasswordUnlockView.swift */,
				4825205D2CDAC8F10007A0C7 /* PasswordSetupView.swift */,
			);
			path = SecuritySubmenu;
			sourceTree = "<group>";
		};
		4866D2802CC99184003F62B1 /* TTSModels */ = {
			isa = PBXGroup;
			children = (
				4866D28F2CC99906003F62B1 /* arctic */,
				4866D2822CC991CD003F62B1 /* kristin */,
				4866D2812CC991C1003F62B1 /* amy */,
				4866D27A2CC990FC003F62B1 /* tokens.txt */,
				4866D27B2CC990FC003F62B1 /* vits-piper-en_US.sh */,
				1FB069352C9B682500A05BBE /* espeak-ng-data */,
			);
			path = TTSModels;
			sourceTree = "<group>";
		};
		4866D2812CC991C1003F62B1 /* amy */ = {
			isa = PBXGroup;
			children = (
				4866D2782CC990FC003F62B1 /* en_US-amy-medium.onnx */,
				4866D2792CC990FC003F62B1 /* en_US-amy-medium.onnx 2.json */,
			);
			path = amy;
			sourceTree = "<group>";
		};
		4866D2822CC991CD003F62B1 /* kristin */ = {
			isa = PBXGroup;
			children = (
				4866D2832CC991FD003F62B1 /* en_US-kristin-medium.onnx */,
				4866D2842CC991FD003F62B1 /* en_US-kristin-medium.onnx.json */,
			);
			path = kristin;
			sourceTree = "<group>";
		};
		4866D2872CC9937A003F62B1 /* SpeechSettingsSubmenu */ = {
			isa = PBXGroup;
			children = (
				48DA9C802CF9478C0082EA8D /* ModelRow.swift */,
				482526962CF7F4F70007A0C7 /* ModelPicker.swift */,
				483B58FC2CD04FA5006B3829 /* VoiceProfileSelectionView.swift */,
				4866D2882CC9966F003F62B1 /* ModelselectionView.swift */,
			);
			path = SpeechSettingsSubmenu;
			sourceTree = "<group>";
		};
		4866D28F2CC99906003F62B1 /* arctic */ = {
			isa = PBXGroup;
			children = (
				4866D2902CC9991E003F62B1 /* en_US-arctic-medium.onnx */,
			);
			path = arctic;
			sourceTree = "<group>";
		};
		978752EE2CCD7A4F00B31761 /* Documents */ = {
			isa = PBXGroup;
			children = (
				97868AA42CE0214B00BDA661 /* PDFPageSelection.swift */,
				978753272CE01F5C00B31761 /* PDFPageSelector.swift */,
				97056A172CB5B9AA00C3B3AA /* PDFViewer.swift */,
				97056A192CB5BAF200C3B3AA /* URLExtension.swift */,
				97056A152CB5B98C00C3B3AA /* DocumentPicker.swift */,
			);
			path = Documents;
			sourceTree = "<group>";
		};
		97D606032CFFF3E80082C203 /* Model */ = {
			isa = PBXGroup;
			children = (
				1F1B34682CA4AD1F00D2CE92 /* AudioRecord.swift */,
				1F1B345E2CA4885900D2CE92 /* Database.swift */,
				C9FE9FE42B0F33CD009F1003 /* ViewModel.swift */,
				48DA9C7E2CF946050082EA8D /* ModelItem.swift */,
				4866D26B2CC868C7003F62B1 /* FileDirectory.swift */,
			);
			path = Model;
			sourceTree = "<group>";
		};
		97D606042CFFF3F20082C203 /* View */ = {
			isa = PBXGroup;
			children = (
				1F0ECC7F2CF967C1002EC3C7 /* PlaylistView.swift */,
				1F0ECBCD2CF70BC6002EC3C7 /* FilterSortView.swift */,
				978752EE2CCD7A4F00B31761 /* Documents */,
				1F1B34622CA48CF400D2CE92 /* DocumentsView.swift */,
				978D07D12CA4CA5D00EDB8A2 /* HistoryView.swift */,
				1FAD63412CE58501005C2B88 /* ActivityView.swift */,
				C917B4E62B0EEF3B005245AC /* ContentView.swift */,
				1F1B34602CA48A3000D2CE92 /* GeneratedView.swift */,
				1FAD62F32CDAB54A005C2B88 /* AudioMetadataView.swift */,
				481F90122CB0AA9F006E6631 /* SettingsSubmenu */,
				48F55A1A2CA47C5500F10C3B /* SettingsView.swift */,
				48F55A182CA47B6400F10C3B /* MainPageView.swift */,
				48187EBF2CBB1F0A00517765 /* ThemeSettings.swift */,
				1F0ECBD02CF70C16002EC3C7 /* RangeSlider.swift */,
				1F0ECBD22CF70C1E002EC3C7 /* SortingAndFilteringOptions.swift */,
				1F0ECC1B2CF84888002EC3C7 /* RangeSliderView.swift */,
				1F0ECC752CF91753002EC3C7 /* CustomSliderView.swift */,
				1FAD62FB2CE31091005C2B88 /* TextFileViewer.swift */,
				1F449D122CB7067C0067EDC1 /* PlaybackControlsView.swift */,
			);
			path = View;
			sourceTree = "<group>";
		};
		97D606052CFFF4790082C203 /* Controller */ = {
			isa = PBXGroup;
			children = (
				978752CB2CC890F400B31761 /* AudioStitching.swift */,
				48F55A162CA4789300F10C3B /* BackEnd.swift */,
				C917B4E42B0EEF3B005245AC /* SherpaOnnxTtsApp.swift */,
				1F0ECC7B2CF95560002EC3C7 /* AudioPlayerManager.swift */,
				1F0ECC7D2CF967A1002EC3C7 /* PlaylistManager.swift */,
				482526922CF7C2F90007A0C7 /* ModelManager.swift */,
				4825205A2CDAC6CC0007A0C7 /* PasswordManager.swift */,
				483B58F62CD00EDA006B3829 /* ProfileManager.swift */,
				B356369F2CF99316008279C6 /* AudioBookmarkManagerClass.swift */,
				48187EC12CC057F800517765 /* TextParser.swift */,
			);
			path = Controller;
			sourceTree = "<group>";
		};
		C917B4D82B0EEF3B005245AC = {
			isa = PBXGroup;
			children = (
				C917B4E32B0EEF3B005245AC /* SherpaOnnxTts */,
				48187F0D2CC3393000517765 /* TextParserTest */,
				C917B4E22B0EEF3B005245AC /* Products */,
				C9FE9FE82B0F3754009F1003 /* Frameworks */,
			);
			sourceTree = "<group>";
		};
		C917B4E22B0EEF3B005245AC /* Products */ = {
			isa = PBXGroup;
			children = (
				C917B4E12B0EEF3B005245AC /* SherpaOnnxTts.app */,
				48187F0C2CC3393000517765 /* TextParserTest.xctest */,
			);
			name = Products;
			sourceTree = "<group>";
		};
		C917B4E32B0EEF3B005245AC /* SherpaOnnxTts */ = {
			isa = PBXGroup;
			children = (
				97D606052CFFF4790082C203 /* Controller */,
				97D606042CFFF3F20082C203 /* View */,
				97D606032CFFF3E80082C203 /* Model */,
				4866D2802CC99184003F62B1 /* TTSModels */,
				C9FE9FE62B0F3620009F1003 /* SherpaOnnx.swift */,
				C917B4E82B0EEF3C005245AC /* Assets.xcassets */,
				C917B4EA2B0EEF3C005245AC /* Preview Content */,
			);
			path = SherpaOnnxTts;
			sourceTree = "<group>";
		};
		C917B4EA2B0EEF3C005245AC /* Preview Content */ = {
			isa = PBXGroup;
			children = (
				C917B4EB2B0EEF3C005245AC /* Preview Assets.xcassets */,
			);
			path = "Preview Content";
			sourceTree = "<group>";
		};
		C9FE9FE82B0F3754009F1003 /* Frameworks */ = {
			isa = PBXGroup;
			children = (
				C9FE9FEB2B0F3785009F1003 /* onnxruntime.xcframework */,
				C9FE9FE92B0F3754009F1003 /* sherpa-onnx.xcframework */,
			);
			name = Frameworks;
			sourceTree = "<group>";
		};
/* End PBXGroup section */

/* Begin PBXNativeTarget section */
		48187F0B2CC3393000517765 /* TextParserTest */ = {
			isa = PBXNativeTarget;
			buildConfigurationList = 48187F102CC3393000517765 /* Build configuration list for PBXNativeTarget "TextParserTest" */;
			buildPhases = (
				48187F082CC3393000517765 /* Sources */,
				48187F092CC3393000517765 /* Frameworks */,
				48187F0A2CC3393000517765 /* Resources */,
			);
			buildRules = (
			);
			dependencies = (
			);
			fileSystemSynchronizedGroups = (
				48187F0D2CC3393000517765 /* TextParserTest */,
			);
			name = TextParserTest;
			packageProductDependencies = (
			);
			productName = TextParserTest;
			productReference = 48187F0C2CC3393000517765 /* TextParserTest.xctest */;
			productType = "com.apple.product-type.bundle.unit-test";
		};
		C917B4E02B0EEF3B005245AC /* SherpaOnnxTts */ = {
			isa = PBXNativeTarget;
			buildConfigurationList = C917B4EF2B0EEF3C005245AC /* Build configuration list for PBXNativeTarget "SherpaOnnxTts" */;
			buildPhases = (
				C917B4DD2B0EEF3B005245AC /* Sources */,
				C917B4DE2B0EEF3B005245AC /* Frameworks */,
				C917B4DF2B0EEF3B005245AC /* Resources */,
			);
			buildRules = (
			);
			dependencies = (
			);
			name = SherpaOnnxTts;
			productName = SherpaOnnxTts;
			productReference = C917B4E12B0EEF3B005245AC /* SherpaOnnxTts.app */;
			productType = "com.apple.product-type.application";
		};
/* End PBXNativeTarget section */

/* Begin PBXProject section */
		C917B4D92B0EEF3B005245AC /* Project object */ = {
			isa = PBXProject;
			attributes = {
				BuildIndependentTargetsInParallel = 1;
				LastSwiftUpdateCheck = 1600;
				LastUpgradeCheck = 1420;
				TargetAttributes = {
					48187F0B2CC3393000517765 = {
						CreatedOnToolsVersion = 16.0;
					};
					C917B4E02B0EEF3B005245AC = {
						CreatedOnToolsVersion = 14.2;
					};
				};
			};
			buildConfigurationList = C917B4DC2B0EEF3B005245AC /* Build configuration list for PBXProject "SherpaOnnxTts" */;
			compatibilityVersion = "Xcode 14.0";
			developmentRegion = en;
			hasScannedForEncodings = 0;
			knownRegions = (
				en,
				Base,
			);
			mainGroup = C917B4D82B0EEF3B005245AC;
			productRefGroup = C917B4E22B0EEF3B005245AC /* Products */;
			projectDirPath = "";
			projectRoot = "";
			targets = (
				C917B4E02B0EEF3B005245AC /* SherpaOnnxTts */,
				48187F0B2CC3393000517765 /* TextParserTest */,
			);
		};
/* End PBXProject section */

/* Begin PBXResourcesBuildPhase section */
		48187F0A2CC3393000517765 /* Resources */ = {
			isa = PBXResourcesBuildPhase;
			buildActionMask = 2147483647;
			files = (
			);
			runOnlyForDeploymentPostprocessing = 0;
		};
		C917B4DF2B0EEF3B005245AC /* Resources */ = {
			isa = PBXResourcesBuildPhase;
			buildActionMask = 2147483647;
			files = (
				C917B4EC2B0EEF3C005245AC /* Preview Assets.xcassets in Resources */,
				C917B4E92B0EEF3C005245AC /* Assets.xcassets in Resources */,
				1FB0693B2C9B682500A05BBE /* espeak-ng-data in Resources */,
				4866D2852CC991FD003F62B1 /* en_US-kristin-medium.onnx in Resources */,
				4866D2862CC991FD003F62B1 /* en_US-kristin-medium.onnx.json in Resources */,
				4866D2932CC9991E003F62B1 /* en_US-arctic-medium.onnx in Resources */,
				4866D27C2CC990FC003F62B1 /* en_US-amy-medium.onnx 2.json in Resources */,
				4866D27D2CC990FC003F62B1 /* vits-piper-en_US.sh in Resources */,
				4866D27E2CC990FC003F62B1 /* tokens.txt in Resources */,
				4866D27F2CC990FC003F62B1 /* en_US-amy-medium.onnx in Resources */,
			);
			runOnlyForDeploymentPostprocessing = 0;
		};
/* End PBXResourcesBuildPhase section */

/* Begin PBXSourcesBuildPhase section */
		48187F082CC3393000517765 /* Sources */ = {
			isa = PBXSourcesBuildPhase;
			buildActionMask = 2147483647;
			files = (
			);
			runOnlyForDeploymentPostprocessing = 0;
		};
		C917B4DD2B0EEF3B005245AC /* Sources */ = {
			isa = PBXSourcesBuildPhase;
			buildActionMask = 2147483647;
			files = (
				48DA9C812CF9478F0082EA8D /* ModelRow.swift in Sources */,
				1F0ECC762CF91757002EC3C7 /* CustomSliderView.swift in Sources */,
				48F55A1B2CA47C6000F10C3B /* SettingsView.swift in Sources */,
				48DA9C7F2CF9460E0082EA8D /* ModelItem.swift in Sources */,
				978D07D22CA4CA6300EDB8A2 /* HistoryView.swift in Sources */,
				1F1B34632CA48CF400D2CE92 /* DocumentsView.swift in Sources */,
				1F0ECC1C2CF8488D002EC3C7 /* RangeSliderView.swift in Sources */,
				4825205E2CDAC8F90007A0C7 /* PasswordSetupView.swift in Sources */,
				97056A182CB5B9B300C3B3AA /* PDFViewer.swift in Sources */,
				4866D2892CC9967A003F62B1 /* ModelselectionView.swift in Sources */,
				1F0ECC802CF967C5002EC3C7 /* PlaylistView.swift in Sources */,
				48F55A172CA4789C00F10C3B /* BackEnd.swift in Sources */,
				97056A1A2CB5BAFD00C3B3AA /* URLExtension.swift in Sources */,
				482526932CF7C3000007A0C7 /* ModelManager.swift in Sources */,
				97056A162CB5B99200C3B3AA /* DocumentPicker.swift in Sources */,
				1F1B34612CA48A3000D2CE92 /* GeneratedView.swift in Sources */,
				481F90162CB0AB54006E6631 /* ThemeDisplayView.swift in Sources */,
				C917B4E72B0EEF3B005245AC /* ContentView.swift in Sources */,
				482520642CDC08070007A0C7 /* PasscodeField.swift in Sources */,
				48F55A192CA47B6C00F10C3B /* MainPageView.swift in Sources */,
				481F90182CB0AC9B006E6631 /* SecurityView.swift in Sources */,
				1F1B34692CA4AD1F00D2CE92 /* AudioRecord.swift in Sources */,
				483B58FD2CD04FAE006B3829 /* VoiceProfileSelectionView.swift in Sources */,
				482520622CDACBC60007A0C7 /* PasswordConfirmationView.swift in Sources */,
				481F90142CB0AABE006E6631 /* SpeechSettingsView.swift in Sources */,
				C9FE9FE72B0F3620009F1003 /* SherpaOnnx.swift in Sources */,
				482520602CDAC9C70007A0C7 /* PasswordUnlockView.swift in Sources */,
				483B58F72CD00EE1006B3829 /* ProfileManager.swift in Sources */,
				1FAD62FC2CE31099005C2B88 /* TextFileViewer.swift in Sources */,
				978753282CE01F7700B31761 /* PDFPageSelector.swift in Sources */,
				4866D26C2CC868C7003F62B1 /* FileDirectory.swift in Sources */,
				48187EC02CBB1F0F00517765 /* ThemeSettings.swift in Sources */,
				482526972CF7F4FA0007A0C7 /* ModelPicker.swift in Sources */,
				1F0ECBCE2CF70BCC002EC3C7 /* FilterSortView.swift in Sources */,
				1F0ECC7C2CF9556A002EC3C7 /* AudioPlayerManager.swift in Sources */,
				C9FE9FE52B0F33CD009F1003 /* ViewModel.swift in Sources */,
				481F901C2CB0AD45006E6631 /* SupportView.swift in Sources */,
				1F03D3362CC7158A001FDE79 /* PlaybackControlsView.swift in Sources */,
				B35636A02CF9932F008279C6 /* AudioBookmarkManagerClass.swift in Sources */,
				1FAD62F42CDAB554005C2B88 /* AudioMetadataView.swift in Sources */,
				1F1B345F2CA4885900D2CE92 /* Database.swift in Sources */,
				1FAD63422CE58506005C2B88 /* ActivityView.swift in Sources */,
				978752CC2CC890F700B31761 /* AudioStitching.swift in Sources */,
				481F901A2CB0ACF8006E6631 /* AdvancedView.swift in Sources */,
				1F0ECBD32CF70C27002EC3C7 /* SortingAndFilteringOptions.swift in Sources */,
				1F0ECC7E2CF967B3002EC3C7 /* PlaylistManager.swift in Sources */,
				C917B4E52B0EEF3B005245AC /* SherpaOnnxTtsApp.swift in Sources */,
				1F0ECBD12CF70C1B002EC3C7 /* RangeSlider.swift in Sources */,
				97868AA52CE0215400BDA661 /* PDFPageSelection.swift in Sources */,
				48187EC22CC0580100517765 /* TextParser.swift in Sources */,
				4825205B2CDAC6D30007A0C7 /* PasswordManager.swift in Sources */,
			);
			runOnlyForDeploymentPostprocessing = 0;
		};
/* End PBXSourcesBuildPhase section */

/* Begin XCBuildConfiguration section */
		48187F112CC3393000517765 /* Debug */ = {
			isa = XCBuildConfiguration;
			buildSettings = {
				ASSETCATALOG_COMPILER_GENERATE_SWIFT_ASSET_SYMBOL_EXTENSIONS = YES;
				CODE_SIGN_STYLE = Automatic;
				CURRENT_PROJECT_VERSION = 1;
				DEVELOPMENT_TEAM = XA96WRCR4V;
				ENABLE_USER_SCRIPT_SANDBOXING = YES;
				GCC_C_LANGUAGE_STANDARD = gnu17;
				GENERATE_INFOPLIST_FILE = YES;
				IPHONEOS_DEPLOYMENT_TARGET = 18.0;
				LOCALIZATION_PREFERS_STRING_CATALOGS = YES;
				MARKETING_VERSION = 1.0;
				PRODUCT_BUNDLE_IDENTIFIER = com.kx.TextParserTest;
				PRODUCT_NAME = "$(TARGET_NAME)";
				SWIFT_ACTIVE_COMPILATION_CONDITIONS = "DEBUG $(inherited)";
				SWIFT_EMIT_LOC_STRINGS = NO;
				SWIFT_VERSION = 5.0;
				TARGETED_DEVICE_FAMILY = "1,2";
			};
			name = Debug;
		};
		48187F122CC3393000517765 /* Release */ = {
			isa = XCBuildConfiguration;
			buildSettings = {
				ASSETCATALOG_COMPILER_GENERATE_SWIFT_ASSET_SYMBOL_EXTENSIONS = YES;
				CODE_SIGN_STYLE = Automatic;
				CURRENT_PROJECT_VERSION = 1;
				DEVELOPMENT_TEAM = XA96WRCR4V;
				ENABLE_USER_SCRIPT_SANDBOXING = YES;
				GCC_C_LANGUAGE_STANDARD = gnu17;
				GENERATE_INFOPLIST_FILE = YES;
				IPHONEOS_DEPLOYMENT_TARGET = 18.0;
				LOCALIZATION_PREFERS_STRING_CATALOGS = YES;
				MARKETING_VERSION = 1.0;
				PRODUCT_BUNDLE_IDENTIFIER = com.kx.TextParserTest;
				PRODUCT_NAME = "$(TARGET_NAME)";
				SWIFT_EMIT_LOC_STRINGS = NO;
				SWIFT_VERSION = 5.0;
				TARGETED_DEVICE_FAMILY = "1,2";
			};
			name = Release;
		};
		C917B4ED2B0EEF3C005245AC /* Debug */ = {
			isa = XCBuildConfiguration;
			buildSettings = {
				ALWAYS_SEARCH_USER_PATHS = NO;
				CLANG_ANALYZER_NONNULL = YES;
				CLANG_ANALYZER_NUMBER_OBJECT_CONVERSION = YES_AGGRESSIVE;
				CLANG_CXX_LANGUAGE_STANDARD = "gnu++20";
				CLANG_ENABLE_MODULES = YES;
				CLANG_ENABLE_OBJC_ARC = YES;
				CLANG_ENABLE_OBJC_WEAK = YES;
				CLANG_WARN_BLOCK_CAPTURE_AUTORELEASING = YES;
				CLANG_WARN_BOOL_CONVERSION = YES;
				CLANG_WARN_COMMA = YES;
				CLANG_WARN_CONSTANT_CONVERSION = YES;
				CLANG_WARN_DEPRECATED_OBJC_IMPLEMENTATIONS = YES;
				CLANG_WARN_DIRECT_OBJC_ISA_USAGE = YES_ERROR;
				CLANG_WARN_DOCUMENTATION_COMMENTS = YES;
				CLANG_WARN_EMPTY_BODY = YES;
				CLANG_WARN_ENUM_CONVERSION = YES;
				CLANG_WARN_INFINITE_RECURSION = YES;
				CLANG_WARN_INT_CONVERSION = YES;
				CLANG_WARN_NON_LITERAL_NULL_CONVERSION = YES;
				CLANG_WARN_OBJC_IMPLICIT_RETAIN_SELF = YES;
				CLANG_WARN_OBJC_LITERAL_CONVERSION = YES;
				CLANG_WARN_OBJC_ROOT_CLASS = YES_ERROR;
				CLANG_WARN_QUOTED_INCLUDE_IN_FRAMEWORK_HEADER = YES;
				CLANG_WARN_RANGE_LOOP_ANALYSIS = YES;
				CLANG_WARN_STRICT_PROTOTYPES = YES;
				CLANG_WARN_SUSPICIOUS_MOVE = YES;
				CLANG_WARN_UNGUARDED_AVAILABILITY = YES_AGGRESSIVE;
				CLANG_WARN_UNREACHABLE_CODE = YES;
				CLANG_WARN__DUPLICATE_METHOD_MATCH = YES;
				COPY_PHASE_STRIP = NO;
				DEBUG_INFORMATION_FORMAT = dwarf;
				ENABLE_STRICT_OBJC_MSGSEND = YES;
				ENABLE_TESTABILITY = YES;
				ENABLE_USER_SCRIPT_SANDBOXING = YES;
				GCC_C_LANGUAGE_STANDARD = gnu11;
				GCC_DYNAMIC_NO_PIC = NO;
				GCC_NO_COMMON_BLOCKS = YES;
				GCC_OPTIMIZATION_LEVEL = 0;
				GCC_PREPROCESSOR_DEFINITIONS = (
					"DEBUG=1",
					"$(inherited)",
				);
				GCC_WARN_64_TO_32_BIT_CONVERSION = YES;
				GCC_WARN_ABOUT_RETURN_TYPE = YES_ERROR;
				GCC_WARN_UNDECLARED_SELECTOR = YES;
				GCC_WARN_UNINITIALIZED_AUTOS = YES_AGGRESSIVE;
				GCC_WARN_UNUSED_FUNCTION = YES;
				GCC_WARN_UNUSED_VARIABLE = YES;
				IPHONEOS_DEPLOYMENT_TARGET = 16.2;
				MTL_ENABLE_DEBUG_INFO = INCLUDE_SOURCE;
				MTL_FAST_MATH = YES;
				ONLY_ACTIVE_ARCH = YES;
				SDKROOT = iphoneos;
				SWIFT_ACTIVE_COMPILATION_CONDITIONS = DEBUG;
				SWIFT_OPTIMIZATION_LEVEL = "-Onone";
			};
			name = Debug;
		};
		C917B4EE2B0EEF3C005245AC /* Release */ = {
			isa = XCBuildConfiguration;
			buildSettings = {
				ALWAYS_SEARCH_USER_PATHS = NO;
				CLANG_ANALYZER_NONNULL = YES;
				CLANG_ANALYZER_NUMBER_OBJECT_CONVERSION = YES_AGGRESSIVE;
				CLANG_CXX_LANGUAGE_STANDARD = "gnu++20";
				CLANG_ENABLE_MODULES = YES;
				CLANG_ENABLE_OBJC_ARC = YES;
				CLANG_ENABLE_OBJC_WEAK = YES;
				CLANG_WARN_BLOCK_CAPTURE_AUTORELEASING = YES;
				CLANG_WARN_BOOL_CONVERSION = YES;
				CLANG_WARN_COMMA = YES;
				CLANG_WARN_CONSTANT_CONVERSION = YES;
				CLANG_WARN_DEPRECATED_OBJC_IMPLEMENTATIONS = YES;
				CLANG_WARN_DIRECT_OBJC_ISA_USAGE = YES_ERROR;
				CLANG_WARN_DOCUMENTATION_COMMENTS = YES;
				CLANG_WARN_EMPTY_BODY = YES;
				CLANG_WARN_ENUM_CONVERSION = YES;
				CLANG_WARN_INFINITE_RECURSION = YES;
				CLANG_WARN_INT_CONVERSION = YES;
				CLANG_WARN_NON_LITERAL_NULL_CONVERSION = YES;
				CLANG_WARN_OBJC_IMPLICIT_RETAIN_SELF = YES;
				CLANG_WARN_OBJC_LITERAL_CONVERSION = YES;
				CLANG_WARN_OBJC_ROOT_CLASS = YES_ERROR;
				CLANG_WARN_QUOTED_INCLUDE_IN_FRAMEWORK_HEADER = YES;
				CLANG_WARN_RANGE_LOOP_ANALYSIS = YES;
				CLANG_WARN_STRICT_PROTOTYPES = YES;
				CLANG_WARN_SUSPICIOUS_MOVE = YES;
				CLANG_WARN_UNGUARDED_AVAILABILITY = YES_AGGRESSIVE;
				CLANG_WARN_UNREACHABLE_CODE = YES;
				CLANG_WARN__DUPLICATE_METHOD_MATCH = YES;
				COPY_PHASE_STRIP = NO;
				DEBUG_INFORMATION_FORMAT = "dwarf-with-dsym";
				ENABLE_NS_ASSERTIONS = NO;
				ENABLE_STRICT_OBJC_MSGSEND = YES;
				ENABLE_USER_SCRIPT_SANDBOXING = YES;
				GCC_C_LANGUAGE_STANDARD = gnu11;
				GCC_NO_COMMON_BLOCKS = YES;
				GCC_WARN_64_TO_32_BIT_CONVERSION = YES;
				GCC_WARN_ABOUT_RETURN_TYPE = YES_ERROR;
				GCC_WARN_UNDECLARED_SELECTOR = YES;
				GCC_WARN_UNINITIALIZED_AUTOS = YES_AGGRESSIVE;
				GCC_WARN_UNUSED_FUNCTION = YES;
				GCC_WARN_UNUSED_VARIABLE = YES;
				IPHONEOS_DEPLOYMENT_TARGET = 16.2;
				MTL_ENABLE_DEBUG_INFO = NO;
				MTL_FAST_MATH = YES;
				SDKROOT = iphoneos;
				SWIFT_COMPILATION_MODE = wholemodule;
				SWIFT_OPTIMIZATION_LEVEL = "-O";
				VALIDATE_PRODUCT = YES;
			};
			name = Release;
		};
		C917B4F02B0EEF3C005245AC /* Debug */ = {
			isa = XCBuildConfiguration;
			buildSettings = {
				ASSETCATALOG_COMPILER_APPICON_NAME = AppIcon;
				ASSETCATALOG_COMPILER_GLOBAL_ACCENT_COLOR_NAME = AccentColor;
				CODE_SIGN_STYLE = Automatic;
				CURRENT_PROJECT_VERSION = 1;
				DEVELOPMENT_ASSET_PATHS = "\"SherpaOnnxTts/Preview Content\"";
				DEVELOPMENT_TEAM = P4Z8BSM6R6;
				ENABLE_PREVIEWS = YES;
				FRAMEWORK_SEARCH_PATHS = "${PROJECT_DIR}/../../build-ios";
				GENERATE_INFOPLIST_FILE = YES;
				HEADER_SEARCH_PATHS = "${PROJECT_DIR}/../../build-ios/sherpa-onnx.xcframework/Headers";
				INFOPLIST_KEY_LSApplicationCategoryType = "public.app-category.utilities";
				INFOPLIST_KEY_UIApplicationSceneManifest_Generation = YES;
				INFOPLIST_KEY_UIApplicationSupportsIndirectInputEvents = YES;
				INFOPLIST_KEY_UILaunchScreen_Generation = YES;
				INFOPLIST_KEY_UISupportedInterfaceOrientations_iPad = "UIInterfaceOrientationPortrait UIInterfaceOrientationPortraitUpsideDown UIInterfaceOrientationLandscapeLeft UIInterfaceOrientationLandscapeRight";
				INFOPLIST_KEY_UISupportedInterfaceOrientations_iPhone = "UIInterfaceOrientationPortrait UIInterfaceOrientationLandscapeLeft UIInterfaceOrientationLandscapeRight";
				LD_RUNPATH_SEARCH_PATHS = (
					"$(inherited)",
					"@executable_path/Frameworks",
				);
				MARKETING_VERSION = 1.0;
				OTHER_LDFLAGS = "-lc++";
				PRODUCT_BUNDLE_IDENTIFIER = com.amy.SherpaOnnxTts;
				PRODUCT_NAME = "$(TARGET_NAME)";
				SWIFT_EMIT_LOC_STRINGS = YES;
				SWIFT_OBJC_BRIDGING_HEADER = "${PROJECT_DIR}/../../swift-api-examples/SherpaOnnx-Bridging-Header.h";
				SWIFT_VERSION = 5.0;
				TARGETED_DEVICE_FAMILY = "1,2";
			};
			name = Debug;
		};
		C917B4F12B0EEF3C005245AC /* Release */ = {
			isa = XCBuildConfiguration;
			buildSettings = {
				ASSETCATALOG_COMPILER_APPICON_NAME = AppIcon;
				ASSETCATALOG_COMPILER_GLOBAL_ACCENT_COLOR_NAME = AccentColor;
				CODE_SIGN_STYLE = Automatic;
				CURRENT_PROJECT_VERSION = 1;
				DEVELOPMENT_ASSET_PATHS = "\"SherpaOnnxTts/Preview Content\"";
				DEVELOPMENT_TEAM = P4Z8BSM6R6;
				ENABLE_PREVIEWS = YES;
				FRAMEWORK_SEARCH_PATHS = "${PROJECT_DIR}/../../build-ios";
				GENERATE_INFOPLIST_FILE = YES;
				HEADER_SEARCH_PATHS = "${PROJECT_DIR}/../../build-ios/sherpa-onnx.xcframework/Headers";
				INFOPLIST_KEY_LSApplicationCategoryType = "public.app-category.utilities";
				INFOPLIST_KEY_UIApplicationSceneManifest_Generation = YES;
				INFOPLIST_KEY_UIApplicationSupportsIndirectInputEvents = YES;
				INFOPLIST_KEY_UILaunchScreen_Generation = YES;
				INFOPLIST_KEY_UISupportedInterfaceOrientations_iPad = "UIInterfaceOrientationPortrait UIInterfaceOrientationPortraitUpsideDown UIInterfaceOrientationLandscapeLeft UIInterfaceOrientationLandscapeRight";
				INFOPLIST_KEY_UISupportedInterfaceOrientations_iPhone = "UIInterfaceOrientationPortrait UIInterfaceOrientationLandscapeLeft UIInterfaceOrientationLandscapeRight";
				LD_RUNPATH_SEARCH_PATHS = (
					"$(inherited)",
					"@executable_path/Frameworks",
				);
				MARKETING_VERSION = 1.0;
				OTHER_LDFLAGS = "-lc++";
				PRODUCT_BUNDLE_IDENTIFIER = com.amy.SherpaOnnxTts;
				PRODUCT_NAME = "$(TARGET_NAME)";
				SWIFT_EMIT_LOC_STRINGS = YES;
				SWIFT_OBJC_BRIDGING_HEADER = "${PROJECT_DIR}/../../swift-api-examples/SherpaOnnx-Bridging-Header.h";
				SWIFT_VERSION = 5.0;
				TARGETED_DEVICE_FAMILY = "1,2";
			};
			name = Release;
		};
/* End XCBuildConfiguration section */

/* Begin XCConfigurationList section */
		48187F102CC3393000517765 /* Build configuration list for PBXNativeTarget "TextParserTest" */ = {
			isa = XCConfigurationList;
			buildConfigurations = (
				48187F112CC3393000517765 /* Debug */,
				48187F122CC3393000517765 /* Release */,
			);
			defaultConfigurationIsVisible = 0;
			defaultConfigurationName = Release;
		};
		C917B4DC2B0EEF3B005245AC /* Build configuration list for PBXProject "SherpaOnnxTts" */ = {
			isa = XCConfigurationList;
			buildConfigurations = (
				C917B4ED2B0EEF3C005245AC /* Debug */,
				C917B4EE2B0EEF3C005245AC /* Release */,
			);
			defaultConfigurationIsVisible = 0;
			defaultConfigurationName = Release;
		};
		C917B4EF2B0EEF3C005245AC /* Build configuration list for PBXNativeTarget "SherpaOnnxTts" */ = {
			isa = XCConfigurationList;
			buildConfigurations = (
				C917B4F02B0EEF3C005245AC /* Debug */,
				C917B4F12B0EEF3C005245AC /* Release */,
			);
			defaultConfigurationIsVisible = 0;
			defaultConfigurationName = Release;
		};
/* End XCConfigurationList section */
	};
	rootObject = C917B4D92B0EEF3B005245AC /* Project object */;
}
